
Microsoft Visual Studio Solution File, Format Version 12.00
# Visual Studio 15
VisualStudioVersion = 15.0.26730.8
MinimumVisualStudioVersion = 10.0.40219.1
Project("{FAE04EC0-301F-11D3-BF4B-00C04F79EFBC}") = "robot-maze", "robot-maze\robot-maze.csproj", "{9FBB223E-76C7-43A2-A8F9-286596151C16}"
	ProjectSection(ProjectDependencies) = postProject
		{118A5936-FC00-45BE-939E-93087CD6BDB4} = {118A5936-FC00-45BE-939E-93087CD6BDB4}
	EndProjectSection
EndProject
Project("{FAE04EC0-301F-11D3-BF4B-00C04F79EFBC}") = "robot-maze-map", "robot-maze-map\robot-maze-map.csproj", "{118A5936-FC00-45BE-939E-93087CD6BDB4}"
EndProject
Global
	GlobalSection(SolutionConfigurationPlatforms) = preSolution
		Debug|Any CPU = Debug|Any CPU
		Release|Any CPU = Release|Any CPU
	EndGlobalSection
	GlobalSection(ProjectConfigurationPlatforms) = postSolution
		{9FBB223E-76C7-43A2-A8F9-286596151C16}.Debug|Any CPU.ActiveCfg = Debug|Any CPU
		{9FBB223E-76C7-43A2-A8F9-286596151C16}.Debug|Any CPU.Build.0 = Debug|Any CPU
		{9FBB223E-76C7-43A2-A8F9-286596151C16}.Release|Any CPU.ActiveCfg = Release|Any CPU
		{9FBB223E-76C7-43A2-A8F9-286596151C16}.Release|Any CPU.Build.0 = Release|Any CPU
		{118A5936-FC00-45BE-939E-93087CD6BDB4}.Debug|Any CPU.ActiveCfg = Debug|Any CPU
		{118A5936-FC00-45BE-939E-93087CD6BDB4}.Debug|Any CPU.Build.0 = Debug|Any CPU
		{118A5936-FC00-45BE-939E-93087CD6BDB4}.Release|Any CPU.ActiveCfg = Release|Any CPU
		{118A5936-FC00-45BE-939E-93087CD6BDB4}.Release|Any CPU.Build.0 = Release|Any CPU
	EndGlobalSection
	GlobalSection(SolutionProperties) = preSolution
		HideSolutionNode = FALSE
	EndGlobalSection
	GlobalSection(ExtensibilityGlobals) = postSolution
		SolutionGuid = {5F11BFB4-7162-4C03-941F-FFA059CE73FC}
	EndGlobalSection
EndGlobal
